
Microsoft Visual Studio Solution File, Format Version 10.00
# Visual Studio 2008
Project("{8BC9CEB8-8B4A-11D0-8D11-00A0C91BC942}") = "GodziWebControl", "GodziWebControl\GodziWebControl.vcproj", "{A9B01329-F486-4744-BF38-A11DE3A4AF10}"
EndProject
Project("{8BC9CEB8-8B4A-11D0-8D11-00A0C91BC942}") = "ieosgearth", "ieosgearth\ieosgearth.vcproj", "{9D41FF1D-41C2-45FD-B18C-D3D3AD57123E}"
	ProjectSection(ProjectDependencies) = postProject
		{A9B01329-F486-4744-BF38-A11DE3A4AF10} = {A9B01329-F486-4744-BF38-A11DE3A4AF10}
	EndProjectSection
EndProject
Project("{54435603-DBB4-11D2-8724-00A0C9A8B90C}") = "Installer", "Installer\Installer.vdproj", "{4F6B539B-764C-429B-872C-1E199328C0C6}"
EndProject
Project("{8BC9CEB8-8B4A-11D0-8D11-00A0C91BC942}") = "npgodziweb", "npgodziweb\npgodziweb.vcproj", "{B4BD900F-1B99-4087-88A5-085562F8BF42}"
	ProjectSection(ProjectDependencies) = postProject
		{A9B01329-F486-4744-BF38-A11DE3A4AF10} = {A9B01329-F486-4744-BF38-A11DE3A4AF10}
	EndProjectSection
EndProject
Project("{E24C65DC-7377-472B-9ABA-BC803B73C61A}") = "api", "api\", "{111E0597-914A-4389-918F-A3B2F7ACDA9B}"
	ProjectSection(WebsiteProperties) = preProject
		TargetFramework = "2.0"
		Debug.AspNetCompiler.VirtualPath = "/api"
		Debug.AspNetCompiler.PhysicalPath = "api\"
		Debug.AspNetCompiler.TargetPath = "PrecompiledWeb\api\"
		Debug.AspNetCompiler.Updateable = "true"
		Debug.AspNetCompiler.ForceOverwrite = "true"
		Debug.AspNetCompiler.FixedNames = "false"
		Debug.AspNetCompiler.Debug = "True"
		Release.AspNetCompiler.VirtualPath = "/api"
		Release.AspNetCompiler.PhysicalPath = "api\"
		Release.AspNetCompiler.TargetPath = "PrecompiledWeb\api\"
		Release.AspNetCompiler.Updateable = "true"
		Release.AspNetCompiler.ForceOverwrite = "true"
		Release.AspNetCompiler.FixedNames = "false"
		Release.AspNetCompiler.Debug = "False"
		VWDPort = "50872"
	EndProjectSection
EndProject
Project("{E24C65DC-7377-472B-9ABA-BC803B73C61A}") = "examples", "examples\", "{4A166ABE-9984-44C8-9CCB-BA2B5D4A3C8C}"
	ProjectSection(WebsiteProperties) = preProject
		TargetFramework = "2.0"
		Debug.AspNetCompiler.VirtualPath = "/examples"
		Debug.AspNetCompiler.PhysicalPath = "examples\"
		Debug.AspNetCompiler.TargetPath = "PrecompiledWeb\examples\"
		Debug.AspNetCompiler.Updateable = "true"
		Debug.AspNetCompiler.ForceOverwrite = "true"
		Debug.AspNetCompiler.FixedNames = "false"
		Debug.AspNetCompiler.Debug = "True"
		Release.AspNetCompiler.VirtualPath = "/examples"
		Release.AspNetCompiler.PhysicalPath = "examples\"
		Release.AspNetCompiler.TargetPath = "PrecompiledWeb\examples\"
		Release.AspNetCompiler.Updateable = "true"
		Release.AspNetCompiler.ForceOverwrite = "true"
		Release.AspNetCompiler.FixedNames = "false"
		Release.AspNetCompiler.Debug = "False"
		VWDPort = "59309"
	EndProjectSection
EndProject
Global
	GlobalSection(SolutionConfigurationPlatforms) = preSolution
		Debug|Any CPU = Debug|Any CPU
		Debug|Mixed Platforms = Debug|Mixed Platforms
		Debug|Win32 = Debug|Win32
		Release|Any CPU = Release|Any CPU
		Release|Mixed Platforms = Release|Mixed Platforms
		Release|Win32 = Release|Win32
	EndGlobalSection
	GlobalSection(ProjectConfigurationPlatforms) = postSolution
		{A9B01329-F486-4744-BF38-A11DE3A4AF10}.Debug|Any CPU.ActiveCfg = Debug|Win32
		{A9B01329-F486-4744-BF38-A11DE3A4AF10}.Debug|Mixed Platforms.ActiveCfg = Debug|Win32
		{A9B01329-F486-4744-BF38-A11DE3A4AF10}.Debug|Mixed Platforms.Build.0 = Debug|Win32
		{A9B01329-F486-4744-BF38-A11DE3A4AF10}.Debug|Win32.ActiveCfg = Debug|Win32
		{A9B01329-F486-4744-BF38-A11DE3A4AF10}.Debug|Win32.Build.0 = Debug|Win32
		{A9B01329-F486-4744-BF38-A11DE3A4AF10}.Release|Any CPU.ActiveCfg = Release|Win32
		{A9B01329-F486-4744-BF38-A11DE3A4AF10}.Release|Mixed Platforms.ActiveCfg = Release|Win32
		{A9B01329-F486-4744-BF38-A11DE3A4AF10}.Release|Mixed Platforms.Build.0 = Release|Win32
		{A9B01329-F486-4744-BF38-A11DE3A4AF10}.Release|Win32.ActiveCfg = Release|Win32
		{A9B01329-F486-4744-BF38-A11DE3A4AF10}.Release|Win32.Build.0 = Release|Win32
		{9D41FF1D-41C2-45FD-B18C-D3D3AD57123E}.Debug|Any CPU.ActiveCfg = Debug|Win32
		{9D41FF1D-41C2-45FD-B18C-D3D3AD57123E}.Debug|Mixed Platforms.ActiveCfg = Debug|Win32
		{9D41FF1D-41C2-45FD-B18C-D3D3AD57123E}.Debug|Mixed Platforms.Build.0 = Debug|Win32
		{9D41FF1D-41C2-45FD-B18C-D3D3AD57123E}.Debug|Win32.ActiveCfg = Debug|Win32
		{9D41FF1D-41C2-45FD-B18C-D3D3AD57123E}.Debug|Win32.Build.0 = Debug|Win32
		{9D41FF1D-41C2-45FD-B18C-D3D3AD57123E}.Release|Any CPU.ActiveCfg = Release|Win32
		{9D41FF1D-41C2-45FD-B18C-D3D3AD57123E}.Release|Mixed Platforms.ActiveCfg = Release|Win32
		{9D41FF1D-41C2-45FD-B18C-D3D3AD57123E}.Release|Mixed Platforms.Build.0 = Release|Win32
		{9D41FF1D-41C2-45FD-B18C-D3D3AD57123E}.Release|Win32.ActiveCfg = Release|Win32
		{9D41FF1D-41C2-45FD-B18C-D3D3AD57123E}.Release|Win32.Build.0 = Release|Win32
		{4F6B539B-764C-429B-872C-1E199328C0C6}.Debug|Any CPU.ActiveCfg = Debug
		{4F6B539B-764C-429B-872C-1E199328C0C6}.Debug|Any CPU.Build.0 = Debug
		{4F6B539B-764C-429B-872C-1E199328C0C6}.Debug|Mixed Platforms.ActiveCfg = Debug
		{4F6B539B-764C-429B-872C-1E199328C0C6}.Debug|Win32.ActiveCfg = Debug
		{4F6B539B-764C-429B-872C-1E199328C0C6}.Release|Any CPU.ActiveCfg = Release
		{4F6B539B-764C-429B-872C-1E199328C0C6}.Release|Any CPU.Build.0 = Release
		{4F6B539B-764C-429B-872C-1E199328C0C6}.Release|Mixed Platforms.ActiveCfg = Release
		{4F6B539B-764C-429B-872C-1E199328C0C6}.Release|Win32.ActiveCfg = Release
		{B4BD900F-1B99-4087-88A5-085562F8BF42}.Debug|Any CPU.ActiveCfg = Debug|Win32
		{B4BD900F-1B99-4087-88A5-085562F8BF42}.Debug|Mixed Platforms.ActiveCfg = Debug|Win32
		{B4BD900F-1B99-4087-88A5-085562F8BF42}.Debug|Mixed Platforms.Build.0 = Debug|Win32
		{B4BD900F-1B99-4087-88A5-085562F8BF42}.Debug|Win32.ActiveCfg = Debug|Win32
		{B4BD900F-1B99-4087-88A5-085562F8BF42}.Debug|Win32.Build.0 = Debug|Win32
		{B4BD900F-1B99-4087-88A5-085562F8BF42}.Release|Any CPU.ActiveCfg = Release|Win32
		{B4BD900F-1B99-4087-88A5-085562F8BF42}.Release|Mixed Platforms.ActiveCfg = Release|Win32
		{B4BD900F-1B99-4087-88A5-085562F8BF42}.Release|Mixed Platforms.Build.0 = Release|Win32
		{B4BD900F-1B99-4087-88A5-085562F8BF42}.Release|Win32.ActiveCfg = Release|Win32
		{B4BD900F-1B99-4087-88A5-085562F8BF42}.Release|Win32.Build.0 = Release|Win32
		{111E0597-914A-4389-918F-A3B2F7ACDA9B}.Debug|Any CPU.ActiveCfg = Debug|Any CPU
		{111E0597-914A-4389-918F-A3B2F7ACDA9B}.Debug|Any CPU.Build.0 = Debug|Any CPU
		{111E0597-914A-4389-918F-A3B2F7ACDA9B}.Debug|Mixed Platforms.ActiveCfg = Debug|Any CPU
		{111E0597-914A-4389-918F-A3B2F7ACDA9B}.Debug|Mixed Platforms.Build.0 = Debug|Any CPU
		{111E0597-914A-4389-918F-A3B2F7ACDA9B}.Debug|Win32.ActiveCfg = Debug|Any CPU
		{111E0597-914A-4389-918F-A3B2F7ACDA9B}.Release|Any CPU.ActiveCfg = Debug|Any CPU
		{111E0597-914A-4389-918F-A3B2F7ACDA9B}.Release|Any CPU.Build.0 = Debug|Any CPU
		{111E0597-914A-4389-918F-A3B2F7ACDA9B}.Release|Mixed Platforms.ActiveCfg = Debug|Any CPU
		{111E0597-914A-4389-918F-A3B2F7ACDA9B}.Release|Win32.ActiveCfg = Debug|Any CPU
		{4A166ABE-9984-44C8-9CCB-BA2B5D4A3C8C}.Debug|Any CPU.ActiveCfg = Debug|Any CPU
		{4A166ABE-9984-44C8-9CCB-BA2B5D4A3C8C}.Debug|Any CPU.Build.0 = Debug|Any CPU
		{4A166ABE-9984-44C8-9CCB-BA2B5D4A3C8C}.Debug|Mixed Platforms.ActiveCfg = Debug|Any CPU
		{4A166ABE-9984-44C8-9CCB-BA2B5D4A3C8C}.Debug|Mixed Platforms.Build.0 = Debug|Any CPU
		{4A166ABE-9984-44C8-9CCB-BA2B5D4A3C8C}.Debug|Win32.ActiveCfg = Debug|Any CPU
		{4A166ABE-9984-44C8-9CCB-BA2B5D4A3C8C}.Release|Any CPU.ActiveCfg = Debug|Any CPU
		{4A166ABE-9984-44C8-9CCB-BA2B5D4A3C8C}.Release|Any CPU.Build.0 = Debug|Any CPU
		{4A166ABE-9984-44C8-9CCB-BA2B5D4A3C8C}.Release|Mixed Platforms.ActiveCfg = Debug|Any CPU
		{4A166ABE-9984-44C8-9CCB-BA2B5D4A3C8C}.Release|Win32.ActiveCfg = Debug|Any CPU
	EndGlobalSection
	GlobalSection(SolutionProperties) = preSolution
		HideSolutionNode = FALSE
	EndGlobalSection
EndGlobal
